
Microsoft Visual Studio Solution File, Format Version 12.00
# Visual Studio Version 17
VisualStudioVersion = 17.2.32616.157
MinimumVisualStudioVersion = 10.0.40219.1
Project("{FAE04EC0-301F-11D3-BF4B-00C04F79EFBC}") = "MagicMoose", "MagicMoose\MagicMoose.csproj", "{2A4B03E0-1185-497B-A7C1-31796F1D2976}"
EndProject
Global
	GlobalSection(SolutionConfigurationPlatforms) = preSolution
		Debug|Any CPU = Debug|Any CPU
		Release|Any CPU = Release|Any CPU
	EndGlobalSection
	GlobalSection(ProjectConfigurationPlatforms) = postSolution
		{2A4B03E0-1185-497B-A7C1-31796F1D2976}.Debug|Any CPU.ActiveCfg = Debug|Any CPU
		{2A4B03E0-1185-497B-A7C1-31796F1D2976}.Debug|Any CPU.Build.0 = Debug|Any CPU
		{2A4B03E0-1185-497B-A7C1-31796F1D2976}.Release|Any CPU.ActiveCfg = Release|Any CPU
		{2A4B03E0-1185-497B-A7C1-31796F1D2976}.Release|Any CPU.Build.0 = Release|Any CPU
	EndGlobalSection
	GlobalSection(SolutionProperties) = preSolution
		HideSolutionNode = FALSE
	EndGlobalSection
	GlobalSection(ExtensibilityGlobals) = postSolution
		SolutionGuid = {BE815A28-E336-4E4B-947C-BB9A071F4629}
	EndGlobalSection
EndGlobal
